
Microsoft Visual Studio Solution File, Format Version 12.00
# Visual Studio 14
VisualStudioVersion = 14.0.25420.1
MinimumVisualStudioVersion = 10.0.40219.1
Project("{FAE04EC0-301F-11D3-BF4B-00C04F79EFBC}") = "Presentacion", "Presentacion\Presentacion.csproj", "{32FEB035-825A-4DBB-8279-E891DCB40CDF}"
EndProject
Project("{FAE04EC0-301F-11D3-BF4B-00C04F79EFBC}") = "Dominio", "Dominio\Dominio.csproj", "{ABB1EFC8-AC25-4F81-8C7F-94C7C2D93C5F}"
EndProject
Project("{FAE04EC0-301F-11D3-BF4B-00C04F79EFBC}") = "Repositorio", "Repositorio\Repositorio.csproj", "{B22D6C8C-0581-4F07-A7F7-50F75E82DB5A}"
EndProject
Project("{FAE04EC0-301F-11D3-BF4B-00C04F79EFBC}") = "Negocio", "Negocio\Negocio.csproj", "{CF3DBFEF-C569-4614-83E1-0D5D7597251C}"
EndProject
Global
	GlobalSection(SolutionConfigurationPlatforms) = preSolution
		Debug|Any CPU = Debug|Any CPU
		Release|Any CPU = Release|Any CPU
	EndGlobalSection
	GlobalSection(ProjectConfigurationPlatforms) = postSolution
		{32FEB035-825A-4DBB-8279-E891DCB40CDF}.Debug|Any CPU.ActiveCfg = Debug|Any CPU
		{32FEB035-825A-4DBB-8279-E891DCB40CDF}.Debug|Any CPU.Build.0 = Debug|Any CPU
		{32FEB035-825A-4DBB-8279-E891DCB40CDF}.Release|Any CPU.ActiveCfg = Release|Any CPU
		{32FEB035-825A-4DBB-8279-E891DCB40CDF}.Release|Any CPU.Build.0 = Release|Any CPU
		{ABB1EFC8-AC25-4F81-8C7F-94C7C2D93C5F}.Debug|Any CPU.ActiveCfg = Debug|Any CPU
		{ABB1EFC8-AC25-4F81-8C7F-94C7C2D93C5F}.Debug|Any CPU.Build.0 = Debug|Any CPU
		{ABB1EFC8-AC25-4F81-8C7F-94C7C2D93C5F}.Release|Any CPU.ActiveCfg = Release|Any CPU
		{ABB1EFC8-AC25-4F81-8C7F-94C7C2D93C5F}.Release|Any CPU.Build.0 = Release|Any CPU
		{B22D6C8C-0581-4F07-A7F7-50F75E82DB5A}.Debug|Any CPU.ActiveCfg = Debug|Any CPU
		{B22D6C8C-0581-4F07-A7F7-50F75E82DB5A}.Debug|Any CPU.Build.0 = Debug|Any CPU
		{B22D6C8C-0581-4F07-A7F7-50F75E82DB5A}.Release|Any CPU.ActiveCfg = Release|Any CPU
		{B22D6C8C-0581-4F07-A7F7-50F75E82DB5A}.Release|Any CPU.Build.0 = Release|Any CPU
		{CF3DBFEF-C569-4614-83E1-0D5D7597251C}.Debug|Any CPU.ActiveCfg = Debug|Any CPU
		{CF3DBFEF-C569-4614-83E1-0D5D7597251C}.Debug|Any CPU.Build.0 = Debug|Any CPU
		{CF3DBFEF-C569-4614-83E1-0D5D7597251C}.Release|Any CPU.ActiveCfg = Release|Any CPU
		{CF3DBFEF-C569-4614-83E1-0D5D7597251C}.Release|Any CPU.Build.0 = Release|Any CPU
	EndGlobalSection
	GlobalSection(SolutionProperties) = preSolution
		HideSolutionNode = FALSE
	EndGlobalSection
EndGlobal
